
Microsoft Visual Studio Solution File, Format Version 12.00
# Visual Studio 14
VisualStudioVersion = 14.0.25420.1
MinimumVisualStudioVersion = 10.0.40219.1
Project("{FAE04EC0-301F-11D3-BF4B-00C04F79EFBC}") = "Bank.WebApplication", "Bank.WebApplication\Bank.WebApplication.csproj", "{7614C823-ECC3-450B-81DA-7B7EA6D2C1AC}"
	ProjectSection(ProjectDependencies) = postProject
		{55E01DB1-18F4-4C0B-9A9D-8A341AD81767} = {55E01DB1-18F4-4C0B-9A9D-8A341AD81767}
	EndProjectSection
EndProject
Project("{2150E333-8FDC-42A3-9474-1A3956D46DE8}") = "1. Client", "1. Client", "{5BF53672-A8CD-4568-8524-7D23B3AD604A}"
EndProject
Project("{2150E333-8FDC-42A3-9474-1A3956D46DE8}") = "2. Domain", "2. Domain", "{49DEF55B-EBFF-4DFA-9B1C-87C537872839}"
EndProject
Project("{2150E333-8FDC-42A3-9474-1A3956D46DE8}") = "3. Data", "3. Data", "{5E66A6A3-D13C-4AAF-8443-303152E27FF4}"
EndProject
Project("{2150E333-8FDC-42A3-9474-1A3956D46DE8}") = "4. Common", "4. Common", "{3BF8EAA0-8513-42A2-AB78-F3676F4098E0}"
EndProject
Project("{FAE04EC0-301F-11D3-BF4B-00C04F79EFBC}") = "Bank.DataApplication", "Bank.DataApplication\Bank.DataApplication.csproj", "{5328233A-079F-41D4-A37C-75E2EF98EB4A}"
EndProject
Project("{FAE04EC0-301F-11D3-BF4B-00C04F79EFBC}") = "Bank.BusinessLogic", "Bank.BusinessLogic\Bank.BusinessLogic.csproj", "{7FE01651-783E-4524-9FF1-5B65F12090ED}"
EndProject
Project("{FAE04EC0-301F-11D3-BF4B-00C04F79EFBC}") = "Bank.Entities", "Bank.Entities\Bank.Entities.csproj", "{CBF6A6D3-8CEA-43F5-AF55-F70B81932314}"
EndProject
Project("{FAE04EC0-301F-11D3-BF4B-00C04F79EFBC}") = "Bank.Service", "Bank.Service\Bank.Service.csproj", "{BDBCCED2-A4DB-45A0-9790-C7F0C4371F9A}"
EndProject
Project("{FAE04EC0-301F-11D3-BF4B-00C04F79EFBC}") = "Bank.ServiceHost", "Bank.ServiceHost\Bank.ServiceHost.csproj", "{55E01DB1-18F4-4C0B-9A9D-8A341AD81767}"
EndProject
Project("{FAE04EC0-301F-11D3-BF4B-00C04F79EFBC}") = "Bank.ServiceContracts", "Bank.ServiceContracts\Bank.ServiceContracts.csproj", "{AC3830DE-A62B-4CE2-9247-2301C960E98B}"
EndProject
Project("{FAE04EC0-301F-11D3-BF4B-00C04F79EFBC}") = "Bank.Common", "Bank.Common\Bank.Common.csproj", "{F74B4F34-545F-4E7C-A5BB-9A9E16878DAD}"
EndProject
Project("{2150E333-8FDC-42A3-9474-1A3956D46DE8}") = "5. Test", "5. Test", "{39E4DABA-E99D-4E2A-A99D-1207B6397BAE}"
EndProject
Project("{FAE04EC0-301F-11D3-BF4B-00C04F79EFBC}") = "Bank.UnitTest", "Bank.UnitTest\Bank.UnitTest.csproj", "{7D319CD7-4758-4112-B7B8-DB870A632E2E}"
EndProject
Global
	GlobalSection(SolutionConfigurationPlatforms) = preSolution
		Debug|Any CPU = Debug|Any CPU
		Release|Any CPU = Release|Any CPU
	EndGlobalSection
	GlobalSection(ProjectConfigurationPlatforms) = postSolution
		{7614C823-ECC3-450B-81DA-7B7EA6D2C1AC}.Debug|Any CPU.ActiveCfg = Debug|Any CPU
		{7614C823-ECC3-450B-81DA-7B7EA6D2C1AC}.Debug|Any CPU.Build.0 = Debug|Any CPU
		{7614C823-ECC3-450B-81DA-7B7EA6D2C1AC}.Release|Any CPU.ActiveCfg = Release|Any CPU
		{7614C823-ECC3-450B-81DA-7B7EA6D2C1AC}.Release|Any CPU.Build.0 = Release|Any CPU
		{5328233A-079F-41D4-A37C-75E2EF98EB4A}.Debug|Any CPU.ActiveCfg = Debug|Any CPU
		{5328233A-079F-41D4-A37C-75E2EF98EB4A}.Debug|Any CPU.Build.0 = Debug|Any CPU
		{5328233A-079F-41D4-A37C-75E2EF98EB4A}.Release|Any CPU.ActiveCfg = Release|Any CPU
		{5328233A-079F-41D4-A37C-75E2EF98EB4A}.Release|Any CPU.Build.0 = Release|Any CPU
		{7FE01651-783E-4524-9FF1-5B65F12090ED}.Debug|Any CPU.ActiveCfg = Debug|Any CPU
		{7FE01651-783E-4524-9FF1-5B65F12090ED}.Debug|Any CPU.Build.0 = Debug|Any CPU
		{7FE01651-783E-4524-9FF1-5B65F12090ED}.Release|Any CPU.ActiveCfg = Release|Any CPU
		{7FE01651-783E-4524-9FF1-5B65F12090ED}.Release|Any CPU.Build.0 = Release|Any CPU
		{CBF6A6D3-8CEA-43F5-AF55-F70B81932314}.Debug|Any CPU.ActiveCfg = Debug|Any CPU
		{CBF6A6D3-8CEA-43F5-AF55-F70B81932314}.Debug|Any CPU.Build.0 = Debug|Any CPU
		{CBF6A6D3-8CEA-43F5-AF55-F70B81932314}.Release|Any CPU.ActiveCfg = Release|Any CPU
		{CBF6A6D3-8CEA-43F5-AF55-F70B81932314}.Release|Any CPU.Build.0 = Release|Any CPU
		{BDBCCED2-A4DB-45A0-9790-C7F0C4371F9A}.Debug|Any CPU.ActiveCfg = Debug|Any CPU
		{BDBCCED2-A4DB-45A0-9790-C7F0C4371F9A}.Debug|Any CPU.Build.0 = Debug|Any CPU
		{BDBCCED2-A4DB-45A0-9790-C7F0C4371F9A}.Release|Any CPU.ActiveCfg = Release|Any CPU
		{BDBCCED2-A4DB-45A0-9790-C7F0C4371F9A}.Release|Any CPU.Build.0 = Release|Any CPU
		{55E01DB1-18F4-4C0B-9A9D-8A341AD81767}.Debug|Any CPU.ActiveCfg = Debug|Any CPU
		{55E01DB1-18F4-4C0B-9A9D-8A341AD81767}.Debug|Any CPU.Build.0 = Debug|Any CPU
		{55E01DB1-18F4-4C0B-9A9D-8A341AD81767}.Release|Any CPU.ActiveCfg = Release|Any CPU
		{55E01DB1-18F4-4C0B-9A9D-8A341AD81767}.Release|Any CPU.Build.0 = Release|Any CPU
		{AC3830DE-A62B-4CE2-9247-2301C960E98B}.Debug|Any CPU.ActiveCfg = Debug|Any CPU
		{AC3830DE-A62B-4CE2-9247-2301C960E98B}.Debug|Any CPU.Build.0 = Debug|Any CPU
		{AC3830DE-A62B-4CE2-9247-2301C960E98B}.Release|Any CPU.ActiveCfg = Release|Any CPU
		{AC3830DE-A62B-4CE2-9247-2301C960E98B}.Release|Any CPU.Build.0 = Release|Any CPU
		{F74B4F34-545F-4E7C-A5BB-9A9E16878DAD}.Debug|Any CPU.ActiveCfg = Debug|Any CPU
		{F74B4F34-545F-4E7C-A5BB-9A9E16878DAD}.Debug|Any CPU.Build.0 = Debug|Any CPU
		{F74B4F34-545F-4E7C-A5BB-9A9E16878DAD}.Release|Any CPU.ActiveCfg = Release|Any CPU
		{F74B4F34-545F-4E7C-A5BB-9A9E16878DAD}.Release|Any CPU.Build.0 = Release|Any CPU
		{7D319CD7-4758-4112-B7B8-DB870A632E2E}.Debug|Any CPU.ActiveCfg = Debug|Any CPU
		{7D319CD7-4758-4112-B7B8-DB870A632E2E}.Debug|Any CPU.Build.0 = Debug|Any CPU
		{7D319CD7-4758-4112-B7B8-DB870A632E2E}.Release|Any CPU.ActiveCfg = Release|Any CPU
		{7D319CD7-4758-4112-B7B8-DB870A632E2E}.Release|Any CPU.Build.0 = Release|Any CPU
	EndGlobalSection
	GlobalSection(SolutionProperties) = preSolution
		HideSolutionNode = FALSE
	EndGlobalSection
	GlobalSection(NestedProjects) = preSolution
		{7614C823-ECC3-450B-81DA-7B7EA6D2C1AC} = {5BF53672-A8CD-4568-8524-7D23B3AD604A}
		{5328233A-079F-41D4-A37C-75E2EF98EB4A} = {5E66A6A3-D13C-4AAF-8443-303152E27FF4}
		{7FE01651-783E-4524-9FF1-5B65F12090ED} = {49DEF55B-EBFF-4DFA-9B1C-87C537872839}
		{CBF6A6D3-8CEA-43F5-AF55-F70B81932314} = {49DEF55B-EBFF-4DFA-9B1C-87C537872839}
		{BDBCCED2-A4DB-45A0-9790-C7F0C4371F9A} = {49DEF55B-EBFF-4DFA-9B1C-87C537872839}
		{55E01DB1-18F4-4C0B-9A9D-8A341AD81767} = {49DEF55B-EBFF-4DFA-9B1C-87C537872839}
		{AC3830DE-A62B-4CE2-9247-2301C960E98B} = {49DEF55B-EBFF-4DFA-9B1C-87C537872839}
		{F74B4F34-545F-4E7C-A5BB-9A9E16878DAD} = {3BF8EAA0-8513-42A2-AB78-F3676F4098E0}
		{7D319CD7-4758-4112-B7B8-DB870A632E2E} = {39E4DABA-E99D-4E2A-A99D-1207B6397BAE}
	EndGlobalSection
EndGlobal
